
Microsoft Visual Studio Solution File, Format Version 12.00
# Visual Studio 14
VisualStudioVersion = 14.0.23107.0
MinimumVisualStudioVersion = 10.0.40219.1
Project("{FAE04EC0-301F-11D3-BF4B-00C04F79EFBC}") = "Task1", "Task1\Task1.csproj", "{B69D85B5-1578-418A-B838-CA8760F1DC50}"
EndProject
Project("{FAE04EC0-301F-11D3-BF4B-00C04F79EFBC}") = "ConsoleUI", "ConsoleUI\ConsoleUI.csproj", "{5C8399BC-9EF7-4C0F-9785-AB29E2BBE603}"
EndProject
Project("{FAE04EC0-301F-11D3-BF4B-00C04F79EFBC}") = "Task2", "Task2\Task2.csproj", "{65128299-8095-4CF6-A726-D85D22C00E79}"
EndProject
Project("{FAE04EC0-301F-11D3-BF4B-00C04F79EFBC}") = "Task1.Tests", "Task1.Tests\Task1.Tests.csproj", "{E3D6D647-165A-4622-BB86-63F8059B71B6}"
EndProject
Global
	GlobalSection(SolutionConfigurationPlatforms) = preSolution
		Debug|Any CPU = Debug|Any CPU
		Release|Any CPU = Release|Any CPU
	EndGlobalSection
	GlobalSection(ProjectConfigurationPlatforms) = postSolution
		{B69D85B5-1578-418A-B838-CA8760F1DC50}.Debug|Any CPU.ActiveCfg = Debug|Any CPU
		{B69D85B5-1578-418A-B838-CA8760F1DC50}.Debug|Any CPU.Build.0 = Debug|Any CPU
		{B69D85B5-1578-418A-B838-CA8760F1DC50}.Release|Any CPU.ActiveCfg = Release|Any CPU
		{B69D85B5-1578-418A-B838-CA8760F1DC50}.Release|Any CPU.Build.0 = Release|Any CPU
		{5C8399BC-9EF7-4C0F-9785-AB29E2BBE603}.Debug|Any CPU.ActiveCfg = Debug|Any CPU
		{5C8399BC-9EF7-4C0F-9785-AB29E2BBE603}.Debug|Any CPU.Build.0 = Debug|Any CPU
		{5C8399BC-9EF7-4C0F-9785-AB29E2BBE603}.Release|Any CPU.ActiveCfg = Release|Any CPU
		{5C8399BC-9EF7-4C0F-9785-AB29E2BBE603}.Release|Any CPU.Build.0 = Release|Any CPU
		{65128299-8095-4CF6-A726-D85D22C00E79}.Debug|Any CPU.ActiveCfg = Debug|Any CPU
		{65128299-8095-4CF6-A726-D85D22C00E79}.Debug|Any CPU.Build.0 = Debug|Any CPU
		{65128299-8095-4CF6-A726-D85D22C00E79}.Release|Any CPU.ActiveCfg = Release|Any CPU
		{65128299-8095-4CF6-A726-D85D22C00E79}.Release|Any CPU.Build.0 = Release|Any CPU
		{E3D6D647-165A-4622-BB86-63F8059B71B6}.Debug|Any CPU.ActiveCfg = Debug|Any CPU
		{E3D6D647-165A-4622-BB86-63F8059B71B6}.Debug|Any CPU.Build.0 = Debug|Any CPU
		{E3D6D647-165A-4622-BB86-63F8059B71B6}.Release|Any CPU.ActiveCfg = Release|Any CPU
		{E3D6D647-165A-4622-BB86-63F8059B71B6}.Release|Any CPU.Build.0 = Release|Any CPU
	EndGlobalSection
	GlobalSection(SolutionProperties) = preSolution
		HideSolutionNode = FALSE
	EndGlobalSection
EndGlobal
